<?xml version="1.0" encoding="utf-8"?>
<Project ToolsVersion="4.0" xmlns="http://schemas.microsoft.com/developer/msbuild/2003">
  <ItemGroup>
    <ClCompile Include="..\..\..\src\graphics\Drawables.cpp" />
    <ClCompile Include="..\..\..\src\graphics\Frustum.cpp" />
    <ClCompile Include="..\..\..\src\graphics\Graphics.cpp" />
    <ClCompile Include="..\..\..\src\graphics\Material.cpp" />
    <ClCompile Include="..\..\..\src\graphics\Renderer.cpp" />
    <ClCompile Include="..\..\..\src\graphics\TextureBuilder.cpp" />
    <ClCompile Include="..\..\..\src\graphics\VertexArray.cpp" />
    <ClCompile Include="..\..\..\src\win32\pch.cpp">
      <Filter>win32</Filter>
    </ClCompile>
    <ClCompile Include="..\..\..\src\win32\OSWin32.cpp">
      <Filter>win32</Filter>
    </ClCompile>
    <ClCompile Include="..\..\..\src\graphics\Light.cpp" />
    <ClCompile Include="..\..\..\src\graphics\WindowSDL.cpp" />
    <ClCompile Include="..\..\..\src\graphics\VertexBuffer.cpp" />
    <ClCompile Include="..\..\..\src\graphics\gl\Uniform.cpp" />
    <ClCompile Include="..\..\..\src\graphics\gl\Attribute.cpp">
      <Filter>gl</Filter>
    </ClCompile>
    <ClCompile Include="..\..\..\src\graphics\gl\FresnelColourMaterial.cpp">
      <Filter>gl</Filter>
    </ClCompile>
    <ClCompile Include="..\..\..\src\graphics\gl\GasGiantMaterial.cpp">
      <Filter>gl</Filter>
    </ClCompile>
    <ClCompile Include="..\..\..\src\graphics\gl\GeoSphereMaterial.cpp">
      <Filter>gl</Filter>
    </ClCompile>
    <ClCompile Include="..\..\..\src\graphics\gl\glMaterial.cpp">
      <Filter>gl</Filter>
    </ClCompile>
    <ClCompile Include="..\..\..\src\graphics\gl\glRenderer.cpp">
      <Filter>gl</Filter>
    </ClCompile>
    <ClCompile Include="..\..\..\src\graphics\gl\glRenderState.cpp">
      <Filter>gl</Filter>
    </ClCompile>
    <ClCompile Include="..\..\..\src\graphics\gl\glRenderTarget.cpp">
      <Filter>gl</Filter>
    </ClCompile>
    <ClCompile Include="..\..\..\src\graphics\gl\glTexture.cpp">
      <Filter>gl</Filter>
    </ClCompile>
    <ClCompile Include="..\..\..\src\graphics\gl\glVertexBuffer.cpp">
      <Filter>gl</Filter>
    </ClCompile>
    <ClCompile Include="..\..\..\src\graphics\gl\MultiMaterial.cpp">
      <Filter>gl</Filter>
    </ClCompile>
    <ClCompile Include="..\..\..\src\graphics\gl\Program.cpp">
      <Filter>gl</Filter>
    </ClCompile>
    <ClCompile Include="..\..\..\src\graphics\gl\RingMaterial.cpp">
      <Filter>gl</Filter>
    </ClCompile>
    <ClCompile Include="..\..\..\src\graphics\gl\ShieldMaterial.cpp">
      <Filter>gl</Filter>
    </ClCompile>
    <ClCompile Include="..\..\..\src\graphics\gl\UIMaterial.cpp">
      <Filter>gl</Filter>
    </ClCompile>
    <ClCompile Include="..\..\..\src\graphics\gl\VtxColorMaterial.cpp">
      <Filter>gl</Filter>
    </ClCompile>
  </ItemGroup>
  <ItemGroup>
    <ClInclude Include="..\..\..\src\graphics\Drawables.h" />
    <ClInclude Include="..\..\..\src\graphics\Frustum.h" />
    <ClInclude Include="..\..\..\src\graphics\Graphics.h" />
    <ClInclude Include="..\..\..\src\graphics\Material.h" />
    <ClInclude Include="..\..\..\src\graphics\Renderer.h" />
    <ClInclude Include="..\..\..\src\graphics\Texture.h" />
    <ClInclude Include="..\..\..\src\graphics\TextureBuilder.h" />
    <ClInclude Include="..\..\..\src\graphics\VertexArray.h" />
    <ClInclude Include="..\..\..\src\win32\pch.h">
      <Filter>win32</Filter>
    </ClInclude>
    <ClInclude Include="..\..\..\src\graphics\Light.h" />
    <ClInclude Include="..\..\..\src\graphics\RenderTarget.h" />
    <ClInclude Include="..\..\..\src\graphics\WindowSDL.h" />
    <ClInclude Include="..\..\..\src\graphics\RenderState.h" />
    <ClInclude Include="..\..\..\src\graphics\VertexBuffer.h" />
    <ClInclude Include="..\..\..\src\graphics\GLDebug.h" />
    <ClInclude Include="..\..\..\src\graphics\gl\Uniform.h" />
    <ClInclude Include="..\..\..\src\graphics\gl\Attribute.h">
      <Filter>gl</Filter>
    </ClInclude>
    <ClInclude Include="..\..\..\src\graphics\gl\FresnelColourMaterial.h">
      <Filter>gl</Filter>
    </ClInclude>
    <ClInclude Include="..\..\..\src\graphics\gl\GasGiantMaterial.h">
      <Filter>gl</Filter>
    </ClInclude>
    <ClInclude Include="..\..\..\src\graphics\gl\GeoSphereMaterial.h">
      <Filter>gl</Filter>
    </ClInclude>
    <ClInclude Include="..\..\..\src\graphics\gl\glMaterial.h">
      <Filter>gl</Filter>
    </ClInclude>
    <ClInclude Include="..\..\..\src\graphics\gl\glRenderer.h">
      <Filter>gl</Filter>
    </ClInclude>
    <ClInclude Include="..\..\..\src\graphics\gl\glRenderState.h">
      <Filter>gl</Filter>
    </ClInclude>
    <ClInclude Include="..\..\..\src\graphics\gl\glRenderTarget.h">
      <Filter>gl</Filter>
    </ClInclude>
    <ClInclude Include="..\..\..\src\graphics\gl\glTexture.h">
      <Filter>gl</Filter>
    </ClInclude>
    <ClInclude Include="..\..\..\src\graphics\gl\glVertexBuffer.h">
      <Filter>gl</Filter>
    </ClInclude>
    <ClInclude Include="..\..\..\src\graphics\gl\MultiMaterial.h">
      <Filter>gl</Filter>
    </ClInclude>
    <ClInclude Include="..\..\..\src\graphics\gl\Program.h">
      <Filter>gl</Filter>
    </ClInclude>
    <ClInclude Include="..\..\..\src\graphics\gl\RingMaterial.h">
      <Filter>gl</Filter>
    </ClInclude>
    <ClInclude Include="..\..\..\src\graphics\gl\ShieldMaterial.h">
      <Filter>gl</Filter>
    </ClInclude>
    <ClInclude Include="..\..\..\src\graphics\gl\SkyboxMaterial.h">
      <Filter>gl</Filter>
    </ClInclude>
    <ClInclude Include="..\..\..\src\graphics\gl\SphereImpostorMaterial.h">
      <Filter>gl</Filter>
    </ClInclude>
    <ClInclude Include="..\..\..\src\graphics\gl\StarfieldMaterial.h">
      <Filter>gl</Filter>
    </ClInclude>
    <ClInclude Include="..\..\..\src\graphics\gl\UIMaterial.h">
      <Filter>gl</Filter>
    </ClInclude>
    <ClInclude Include="..\..\..\src\graphics\gl\VtxColorMaterial.h">
      <Filter>gl</Filter>
    </ClInclude>
  </ItemGroup>
  <ItemGroup>
    <Filter Include="win32">
      <UniqueIdentifier>{55c9590f-ea3e-46bd-9c15-b8304c3fbd2e}</UniqueIdentifier>
    </Filter>
    <Filter Include="gl">
      <UniqueIdentifier>{d326765b-28c9-46c3-bde7-60dcfd3a059f}</UniqueIdentifier>
    </Filter>
  </ItemGroup>
</Project>